
Microsoft Visual Studio Solution File, Format Version 12.00
# Visual Studio 2017
Project("{FAE04EC0-301F-11D3-BF4B-00C04F79EFBC}") = "Kerala", "Kerala.csproj", "{F0BB91A2-56AF-7B06-84DD-258271CC0DE2}"
EndProject
Project("{FAE04EC0-301F-11D3-BF4B-00C04F79EFBC}") = "Kerala.Editor", "Kerala.Editor.csproj", "{F7AE59C1-D97D-8496-6478-5322107D0395}"
EndProject
Global
	GlobalSection(SolutionConfigurationPlatforms) = preSolution
		Debug|Any CPU = Debug|Any CPU
		Release|Any CPU = Release|Any CPU
	EndGlobalSection
	GlobalSection(ProjectConfigurationPlatforms) = postSolution
		{F0BB91A2-56AF-7B06-84DD-258271CC0DE2}.Debug|Any CPU.ActiveCfg = Debug|Any CPU
		{F0BB91A2-56AF-7B06-84DD-258271CC0DE2}.Debug|Any CPU.Build.0 = Debug|Any CPU
		{F0BB91A2-56AF-7B06-84DD-258271CC0DE2}.Release|Any CPU.ActiveCfg = Release|Any CPU
		{F0BB91A2-56AF-7B06-84DD-258271CC0DE2}.Release|Any CPU.Build.0 = Release|Any CPU
		{F7AE59C1-D97D-8496-6478-5322107D0395}.Debug|Any CPU.ActiveCfg = Debug|Any CPU
		{F7AE59C1-D97D-8496-6478-5322107D0395}.Debug|Any CPU.Build.0 = Debug|Any CPU
		{F7AE59C1-D97D-8496-6478-5322107D0395}.Release|Any CPU.ActiveCfg = Release|Any CPU
		{F7AE59C1-D97D-8496-6478-5322107D0395}.Release|Any CPU.Build.0 = Release|Any CPU
	EndGlobalSection
	GlobalSection(SolutionProperties) = preSolution
		HideSolutionNode = FALSE
	EndGlobalSection
EndGlobal
